
Microsoft Visual Studio Solution File, Format Version 12.00
# Visual Studio Version 16
VisualStudioVersion = 16.0.31105.61
MinimumVisualStudioVersion = 10.0.40219.1
Project("{FAE04EC0-301F-11D3-BF4B-00C04F79EFBC}") = "devColaborativo", "devColaborativo\devColaborativo.csproj", "{B652E1BB-C231-4A51-BAB0-C4C7DF531CD7}"
EndProject
Global
	GlobalSection(SolutionConfigurationPlatforms) = preSolution
		Debug|Any CPU = Debug|Any CPU
		Release|Any CPU = Release|Any CPU
	EndGlobalSection
	GlobalSection(ProjectConfigurationPlatforms) = postSolution
		{B652E1BB-C231-4A51-BAB0-C4C7DF531CD7}.Debug|Any CPU.ActiveCfg = Debug|Any CPU
		{B652E1BB-C231-4A51-BAB0-C4C7DF531CD7}.Debug|Any CPU.Build.0 = Debug|Any CPU
		{B652E1BB-C231-4A51-BAB0-C4C7DF531CD7}.Release|Any CPU.ActiveCfg = Release|Any CPU
		{B652E1BB-C231-4A51-BAB0-C4C7DF531CD7}.Release|Any CPU.Build.0 = Release|Any CPU
	EndGlobalSection
	GlobalSection(SolutionProperties) = preSolution
		HideSolutionNode = FALSE
	EndGlobalSection
	GlobalSection(ExtensibilityGlobals) = postSolution
		SolutionGuid = {45D0612D-3DC1-4B16-A380-6AF0D009F4CD}
	EndGlobalSection
EndGlobal
